
Microsoft Visual Studio Solution File, Format Version 12.00
# Visual Studio 14
VisualStudioVersion = 14.0.24720.0
MinimumVisualStudioVersion = 10.0.40219.1
Project("{FAE04EC0-301F-11D3-BF4B-00C04F79EFBC}") = "CslaDISerialization.Lib", "CslaDISerialization.Lib\CslaDISerialization.Lib.csproj", "{F9EF3E77-C711-4083-86D1-8B3C4784A258}"
EndProject
Project("{FAE04EC0-301F-11D3-BF4B-00C04F79EFBC}") = "CslaDISerialization.Portal", "CslaDISerialization.Portal\CslaDISerialization.Portal.csproj", "{924F423A-2864-4CA3-A089-C9BA9302F0D1}"
EndProject
Project("{FAE04EC0-301F-11D3-BF4B-00C04F79EFBC}") = "CslaDISerialization.App", "CslaDISerialization.App\CslaDISerialization.App.csproj", "{0918BDE6-0F0E-4FF7-9889-7B5A5CE247B5}"
EndProject
Global
	GlobalSection(SolutionConfigurationPlatforms) = preSolution
		Debug|Any CPU = Debug|Any CPU
		Release|Any CPU = Release|Any CPU
	EndGlobalSection
	GlobalSection(ProjectConfigurationPlatforms) = postSolution
		{F9EF3E77-C711-4083-86D1-8B3C4784A258}.Debug|Any CPU.ActiveCfg = Debug|Any CPU
		{F9EF3E77-C711-4083-86D1-8B3C4784A258}.Debug|Any CPU.Build.0 = Debug|Any CPU
		{F9EF3E77-C711-4083-86D1-8B3C4784A258}.Release|Any CPU.ActiveCfg = Release|Any CPU
		{F9EF3E77-C711-4083-86D1-8B3C4784A258}.Release|Any CPU.Build.0 = Release|Any CPU
		{924F423A-2864-4CA3-A089-C9BA9302F0D1}.Debug|Any CPU.ActiveCfg = Debug|Any CPU
		{924F423A-2864-4CA3-A089-C9BA9302F0D1}.Debug|Any CPU.Build.0 = Debug|Any CPU
		{924F423A-2864-4CA3-A089-C9BA9302F0D1}.Release|Any CPU.ActiveCfg = Release|Any CPU
		{924F423A-2864-4CA3-A089-C9BA9302F0D1}.Release|Any CPU.Build.0 = Release|Any CPU
		{0918BDE6-0F0E-4FF7-9889-7B5A5CE247B5}.Debug|Any CPU.ActiveCfg = Debug|Any CPU
		{0918BDE6-0F0E-4FF7-9889-7B5A5CE247B5}.Debug|Any CPU.Build.0 = Debug|Any CPU
		{0918BDE6-0F0E-4FF7-9889-7B5A5CE247B5}.Release|Any CPU.ActiveCfg = Release|Any CPU
		{0918BDE6-0F0E-4FF7-9889-7B5A5CE247B5}.Release|Any CPU.Build.0 = Release|Any CPU
	EndGlobalSection
	GlobalSection(SolutionProperties) = preSolution
		HideSolutionNode = FALSE
	EndGlobalSection
EndGlobal
